
Microsoft Visual Studio Solution File, Format Version 12.00
# Visual Studio Version 17
VisualStudioVersion = 17.6.33723.286
MinimumVisualStudioVersion = 10.0.40219.1
Project("{FAE04EC0-301F-11D3-BF4B-00C04F79EFBC}") = "AutomobileSolution", "AutomobileSolution\AutomobileSolution.csproj", "{AC4046D2-AB82-461C-87D3-8016D278D873}"
EndProject
Global
	GlobalSection(SolutionConfigurationPlatforms) = preSolution
		Debug|Any CPU = Debug|Any CPU
		Release|Any CPU = Release|Any CPU
	EndGlobalSection
	GlobalSection(ProjectConfigurationPlatforms) = postSolution
		{AC4046D2-AB82-461C-87D3-8016D278D873}.Debug|Any CPU.ActiveCfg = Debug|Any CPU
		{AC4046D2-AB82-461C-87D3-8016D278D873}.Debug|Any CPU.Build.0 = Debug|Any CPU
		{AC4046D2-AB82-461C-87D3-8016D278D873}.Release|Any CPU.ActiveCfg = Release|Any CPU
		{AC4046D2-AB82-461C-87D3-8016D278D873}.Release|Any CPU.Build.0 = Release|Any CPU
	EndGlobalSection
	GlobalSection(SolutionProperties) = preSolution
		HideSolutionNode = FALSE
	EndGlobalSection
	GlobalSection(ExtensibilityGlobals) = postSolution
		SolutionGuid = {11B16EB9-FE8F-4F17-8C10-F9227827307A}
	EndGlobalSection
EndGlobal
